
Microsoft Visual Studio Solution File, Format Version 12.00
# Visual Studio 15
VisualStudioVersion = 15.0.27004.2006
MinimumVisualStudioVersion = 10.0.40219.1
Project("{9A19103F-16F7-4668-BE54-9A1E7A4F7556}") = "Deipax.DataAccess", "Source\Deipax.DataAccess\Deipax.DataAccess.csproj", "{44D3DE58-8220-49CC-BE41-EA4277CBBC0B}"
EndProject
Project("{2150E333-8FDC-42A3-9474-1A3956D46DE8}") = "UnitTests", "UnitTests", "{C2C4BBD3-FD5D-46AA-B825-3D9CF44881F9}"
EndProject
Project("{9A19103F-16F7-4668-BE54-9A1E7A4F7556}") = "Deipax.Core", "Source\Deipax.Core\Deipax.Core.csproj", "{A3089AB5-9BDD-4429-96C4-E8DF1C2EC207}"
EndProject
Project("{9A19103F-16F7-4668-BE54-9A1E7A4F7556}") = "Deipax.Cloning", "Source\Deipax.Cloning\Deipax.Cloning.csproj", "{8830A56B-512B-4022-A39E-D84B1AFBAAC1}"
EndProject
Project("{2150E333-8FDC-42A3-9474-1A3956D46DE8}") = "Benchmarks", "Benchmarks", "{45463119-6498-4C23-9303-B41691809D7B}"
EndProject
Project("{9A19103F-16F7-4668-BE54-9A1E7A4F7556}") = "Benchmarks.Cloning", "Source\Benchmarks.Cloning\Benchmarks.Cloning.csproj", "{984C8B1F-B8F8-41D5-BF31-BFDE11476FCD}"
EndProject
Project("{9A19103F-16F7-4668-BE54-9A1E7A4F7556}") = "Benchmarks.Core", "Source\Benchmarks.Core\Benchmarks.Core.csproj", "{36FD3415-2B74-480A-A1EC-3259643EF1A3}"
EndProject
Project("{9A19103F-16F7-4668-BE54-9A1E7A4F7556}") = "UnitTests.Common", "Source\UnitTests.Common\UnitTests.Common.csproj", "{806BC3E7-16EC-4B65-96AA-E1A914E40673}"
EndProject
Project("{9A19103F-16F7-4668-BE54-9A1E7A4F7556}") = "UnitTests.Core", "Source\UnitTests.Core\UnitTests.Core.csproj", "{010E5418-E117-4389-A120-95B436D3E12A}"
EndProject
Project("{9A19103F-16F7-4668-BE54-9A1E7A4F7556}") = "UnitTests.DataAccess", "Source\UnitTests.DataAccess\UnitTests.DataAccess.csproj", "{9E799EB6-C8E4-4350-9441-9742A15F13FF}"
EndProject
Project("{9A19103F-16F7-4668-BE54-9A1E7A4F7556}") = "UnitTests.Cloning", "Source\UnitTests.Cloning\UnitTests.Cloning.csproj", "{F70E28DE-5A8F-418C-80D6-191D655A44AC}"
EndProject
Project("{9A19103F-16F7-4668-BE54-9A1E7A4F7556}") = "Benchmarks.DataAccess", "Source\Benchmarks.DataAccess\Benchmarks.DataAccess.csproj", "{F05E3EDD-9C00-437A-8910-0CFE24349AC9}"
EndProject
Project("{9A19103F-16F7-4668-BE54-9A1E7A4F7556}") = "UnitTests.NetCore", "Source\UnitTests.NetCore\UnitTests.NetCore.csproj", "{96527A5A-5576-4236-A213-32F4B785A11E}"
EndProject
Project("{FAE04EC0-301F-11D3-BF4B-00C04F79EFBC}") = "UnitTests.Framework", "Source\UnitTests.Framework\UnitTests.Framework.csproj", "{418197CC-227B-4493-83F6-C2D2A6213345}"
EndProject
Global
	GlobalSection(SolutionConfigurationPlatforms) = preSolution
		Debug|Any CPU = Debug|Any CPU
		Release|Any CPU = Release|Any CPU
	EndGlobalSection
	GlobalSection(ProjectConfigurationPlatforms) = postSolution
		{44D3DE58-8220-49CC-BE41-EA4277CBBC0B}.Debug|Any CPU.ActiveCfg = Debug|Any CPU
		{44D3DE58-8220-49CC-BE41-EA4277CBBC0B}.Debug|Any CPU.Build.0 = Debug|Any CPU
		{44D3DE58-8220-49CC-BE41-EA4277CBBC0B}.Release|Any CPU.ActiveCfg = Release|Any CPU
		{44D3DE58-8220-49CC-BE41-EA4277CBBC0B}.Release|Any CPU.Build.0 = Release|Any CPU
		{A3089AB5-9BDD-4429-96C4-E8DF1C2EC207}.Debug|Any CPU.ActiveCfg = Debug|Any CPU
		{A3089AB5-9BDD-4429-96C4-E8DF1C2EC207}.Debug|Any CPU.Build.0 = Debug|Any CPU
		{A3089AB5-9BDD-4429-96C4-E8DF1C2EC207}.Release|Any CPU.ActiveCfg = Release|Any CPU
		{A3089AB5-9BDD-4429-96C4-E8DF1C2EC207}.Release|Any CPU.Build.0 = Release|Any CPU
		{8830A56B-512B-4022-A39E-D84B1AFBAAC1}.Debug|Any CPU.ActiveCfg = Debug|Any CPU
		{8830A56B-512B-4022-A39E-D84B1AFBAAC1}.Debug|Any CPU.Build.0 = Debug|Any CPU
		{8830A56B-512B-4022-A39E-D84B1AFBAAC1}.Release|Any CPU.ActiveCfg = Release|Any CPU
		{8830A56B-512B-4022-A39E-D84B1AFBAAC1}.Release|Any CPU.Build.0 = Release|Any CPU
		{984C8B1F-B8F8-41D5-BF31-BFDE11476FCD}.Debug|Any CPU.ActiveCfg = Debug|Any CPU
		{984C8B1F-B8F8-41D5-BF31-BFDE11476FCD}.Debug|Any CPU.Build.0 = Debug|Any CPU
		{984C8B1F-B8F8-41D5-BF31-BFDE11476FCD}.Release|Any CPU.ActiveCfg = Release|Any CPU
		{984C8B1F-B8F8-41D5-BF31-BFDE11476FCD}.Release|Any CPU.Build.0 = Release|Any CPU
		{36FD3415-2B74-480A-A1EC-3259643EF1A3}.Debug|Any CPU.ActiveCfg = Debug|Any CPU
		{36FD3415-2B74-480A-A1EC-3259643EF1A3}.Debug|Any CPU.Build.0 = Debug|Any CPU
		{36FD3415-2B74-480A-A1EC-3259643EF1A3}.Release|Any CPU.ActiveCfg = Release|Any CPU
		{36FD3415-2B74-480A-A1EC-3259643EF1A3}.Release|Any CPU.Build.0 = Release|Any CPU
		{806BC3E7-16EC-4B65-96AA-E1A914E40673}.Debug|Any CPU.ActiveCfg = Debug|Any CPU
		{806BC3E7-16EC-4B65-96AA-E1A914E40673}.Debug|Any CPU.Build.0 = Debug|Any CPU
		{806BC3E7-16EC-4B65-96AA-E1A914E40673}.Release|Any CPU.ActiveCfg = Release|Any CPU
		{806BC3E7-16EC-4B65-96AA-E1A914E40673}.Release|Any CPU.Build.0 = Release|Any CPU
		{010E5418-E117-4389-A120-95B436D3E12A}.Debug|Any CPU.ActiveCfg = Debug|Any CPU
		{010E5418-E117-4389-A120-95B436D3E12A}.Debug|Any CPU.Build.0 = Debug|Any CPU
		{010E5418-E117-4389-A120-95B436D3E12A}.Release|Any CPU.ActiveCfg = Release|Any CPU
		{010E5418-E117-4389-A120-95B436D3E12A}.Release|Any CPU.Build.0 = Release|Any CPU
		{9E799EB6-C8E4-4350-9441-9742A15F13FF}.Debug|Any CPU.ActiveCfg = Debug|Any CPU
		{9E799EB6-C8E4-4350-9441-9742A15F13FF}.Debug|Any CPU.Build.0 = Debug|Any CPU
		{9E799EB6-C8E4-4350-9441-9742A15F13FF}.Release|Any CPU.ActiveCfg = Release|Any CPU
		{9E799EB6-C8E4-4350-9441-9742A15F13FF}.Release|Any CPU.Build.0 = Release|Any CPU
		{F70E28DE-5A8F-418C-80D6-191D655A44AC}.Debug|Any CPU.ActiveCfg = Debug|Any CPU
		{F70E28DE-5A8F-418C-80D6-191D655A44AC}.Debug|Any CPU.Build.0 = Debug|Any CPU
		{F70E28DE-5A8F-418C-80D6-191D655A44AC}.Release|Any CPU.ActiveCfg = Release|Any CPU
		{F70E28DE-5A8F-418C-80D6-191D655A44AC}.Release|Any CPU.Build.0 = Release|Any CPU
		{F05E3EDD-9C00-437A-8910-0CFE24349AC9}.Debug|Any CPU.ActiveCfg = Debug|Any CPU
		{F05E3EDD-9C00-437A-8910-0CFE24349AC9}.Debug|Any CPU.Build.0 = Debug|Any CPU
		{F05E3EDD-9C00-437A-8910-0CFE24349AC9}.Release|Any CPU.ActiveCfg = Release|Any CPU
		{F05E3EDD-9C00-437A-8910-0CFE24349AC9}.Release|Any CPU.Build.0 = Release|Any CPU
		{96527A5A-5576-4236-A213-32F4B785A11E}.Debug|Any CPU.ActiveCfg = Debug|Any CPU
		{96527A5A-5576-4236-A213-32F4B785A11E}.Debug|Any CPU.Build.0 = Debug|Any CPU
		{96527A5A-5576-4236-A213-32F4B785A11E}.Release|Any CPU.ActiveCfg = Release|Any CPU
		{96527A5A-5576-4236-A213-32F4B785A11E}.Release|Any CPU.Build.0 = Release|Any CPU
		{418197CC-227B-4493-83F6-C2D2A6213345}.Debug|Any CPU.ActiveCfg = Debug|Any CPU
		{418197CC-227B-4493-83F6-C2D2A6213345}.Debug|Any CPU.Build.0 = Debug|Any CPU
		{418197CC-227B-4493-83F6-C2D2A6213345}.Release|Any CPU.ActiveCfg = Release|Any CPU
		{418197CC-227B-4493-83F6-C2D2A6213345}.Release|Any CPU.Build.0 = Release|Any CPU
	EndGlobalSection
	GlobalSection(SolutionProperties) = preSolution
		HideSolutionNode = FALSE
	EndGlobalSection
	GlobalSection(NestedProjects) = preSolution
		{984C8B1F-B8F8-41D5-BF31-BFDE11476FCD} = {45463119-6498-4C23-9303-B41691809D7B}
		{36FD3415-2B74-480A-A1EC-3259643EF1A3} = {45463119-6498-4C23-9303-B41691809D7B}
		{806BC3E7-16EC-4B65-96AA-E1A914E40673} = {C2C4BBD3-FD5D-46AA-B825-3D9CF44881F9}
		{010E5418-E117-4389-A120-95B436D3E12A} = {C2C4BBD3-FD5D-46AA-B825-3D9CF44881F9}
		{9E799EB6-C8E4-4350-9441-9742A15F13FF} = {C2C4BBD3-FD5D-46AA-B825-3D9CF44881F9}
		{F70E28DE-5A8F-418C-80D6-191D655A44AC} = {C2C4BBD3-FD5D-46AA-B825-3D9CF44881F9}
		{F05E3EDD-9C00-437A-8910-0CFE24349AC9} = {45463119-6498-4C23-9303-B41691809D7B}
		{96527A5A-5576-4236-A213-32F4B785A11E} = {C2C4BBD3-FD5D-46AA-B825-3D9CF44881F9}
		{418197CC-227B-4493-83F6-C2D2A6213345} = {C2C4BBD3-FD5D-46AA-B825-3D9CF44881F9}
	EndGlobalSection
	GlobalSection(ExtensibilityGlobals) = postSolution
		SolutionGuid = {44824324-8680-4E41-B99B-CC0AE59ACED7}
	EndGlobalSection
EndGlobal
