
Microsoft Visual Studio Solution File, Format Version 12.00
# Visual Studio 15
VisualStudioVersion = 15.0.26730.12
MinimumVisualStudioVersion = 10.0.40219.1
Project("{FAE04EC0-301F-11D3-BF4B-00C04F79EFBC}") = "UnitTests.Common", "Source\UnitTests.Common\UnitTests.Common.csproj", "{B9D6FF58-7BA4-4926-85BB-FE38F494186A}"
EndProject
Project("{FAE04EC0-301F-11D3-BF4B-00C04F79EFBC}") = "UnitTests.Performance", "Source\UnitTests.Performance\UnitTests.Performance.csproj", "{E82426B6-AF69-41D3-869A-0F0DFDD02FB7}"
EndProject
Project("{FAE04EC0-301F-11D3-BF4B-00C04F79EFBC}") = "Deipax.DataAccess", "Source\Deipax.DataAccess\Deipax.DataAccess.csproj", "{44D3DE58-8220-49CC-BE41-EA4277CBBC0B}"
EndProject
Project("{2150E333-8FDC-42A3-9474-1A3956D46DE8}") = "UnitTests", "UnitTests", "{C2C4BBD3-FD5D-46AA-B825-3D9CF44881F9}"
EndProject
Project("{FAE04EC0-301F-11D3-BF4B-00C04F79EFBC}") = "Deipax.Core", "Source\Deipax.Core\Deipax.Core.csproj", "{A3089AB5-9BDD-4429-96C4-E8DF1C2EC207}"
EndProject
Project("{FAE04EC0-301F-11D3-BF4B-00C04F79EFBC}") = "UnitTests.Integration", "Source\UnitTests.Integration\UnitTests.Integration.csproj", "{167171B7-3AA6-4EC9-B045-4317DC1974E9}"
EndProject
Project("{FAE04EC0-301F-11D3-BF4B-00C04F79EFBC}") = "Deipax.Cloning", "Source\Deipax.Cloning\Deipax.Cloning.csproj", "{8830A56B-512B-4022-A39E-D84B1AFBAAC1}"
EndProject
Global
	GlobalSection(SolutionConfigurationPlatforms) = preSolution
		Debug|Any CPU = Debug|Any CPU
		Release|Any CPU = Release|Any CPU
	EndGlobalSection
	GlobalSection(ProjectConfigurationPlatforms) = postSolution
		{B9D6FF58-7BA4-4926-85BB-FE38F494186A}.Debug|Any CPU.ActiveCfg = Debug|Any CPU
		{B9D6FF58-7BA4-4926-85BB-FE38F494186A}.Debug|Any CPU.Build.0 = Debug|Any CPU
		{B9D6FF58-7BA4-4926-85BB-FE38F494186A}.Release|Any CPU.ActiveCfg = Release|Any CPU
		{B9D6FF58-7BA4-4926-85BB-FE38F494186A}.Release|Any CPU.Build.0 = Release|Any CPU
		{E82426B6-AF69-41D3-869A-0F0DFDD02FB7}.Debug|Any CPU.ActiveCfg = Debug|Any CPU
		{E82426B6-AF69-41D3-869A-0F0DFDD02FB7}.Debug|Any CPU.Build.0 = Debug|Any CPU
		{E82426B6-AF69-41D3-869A-0F0DFDD02FB7}.Release|Any CPU.ActiveCfg = Release|Any CPU
		{E82426B6-AF69-41D3-869A-0F0DFDD02FB7}.Release|Any CPU.Build.0 = Release|Any CPU
		{44D3DE58-8220-49CC-BE41-EA4277CBBC0B}.Debug|Any CPU.ActiveCfg = Debug|Any CPU
		{44D3DE58-8220-49CC-BE41-EA4277CBBC0B}.Debug|Any CPU.Build.0 = Debug|Any CPU
		{44D3DE58-8220-49CC-BE41-EA4277CBBC0B}.Release|Any CPU.ActiveCfg = Release|Any CPU
		{44D3DE58-8220-49CC-BE41-EA4277CBBC0B}.Release|Any CPU.Build.0 = Release|Any CPU
		{A3089AB5-9BDD-4429-96C4-E8DF1C2EC207}.Debug|Any CPU.ActiveCfg = Debug|Any CPU
		{A3089AB5-9BDD-4429-96C4-E8DF1C2EC207}.Debug|Any CPU.Build.0 = Debug|Any CPU
		{A3089AB5-9BDD-4429-96C4-E8DF1C2EC207}.Release|Any CPU.ActiveCfg = Release|Any CPU
		{A3089AB5-9BDD-4429-96C4-E8DF1C2EC207}.Release|Any CPU.Build.0 = Release|Any CPU
		{167171B7-3AA6-4EC9-B045-4317DC1974E9}.Debug|Any CPU.ActiveCfg = Debug|Any CPU
		{167171B7-3AA6-4EC9-B045-4317DC1974E9}.Debug|Any CPU.Build.0 = Debug|Any CPU
		{167171B7-3AA6-4EC9-B045-4317DC1974E9}.Release|Any CPU.ActiveCfg = Release|Any CPU
		{167171B7-3AA6-4EC9-B045-4317DC1974E9}.Release|Any CPU.Build.0 = Release|Any CPU
		{8830A56B-512B-4022-A39E-D84B1AFBAAC1}.Debug|Any CPU.ActiveCfg = Debug|Any CPU
		{8830A56B-512B-4022-A39E-D84B1AFBAAC1}.Debug|Any CPU.Build.0 = Debug|Any CPU
		{8830A56B-512B-4022-A39E-D84B1AFBAAC1}.Release|Any CPU.ActiveCfg = Release|Any CPU
		{8830A56B-512B-4022-A39E-D84B1AFBAAC1}.Release|Any CPU.Build.0 = Release|Any CPU
	EndGlobalSection
	GlobalSection(SolutionProperties) = preSolution
		HideSolutionNode = FALSE
	EndGlobalSection
	GlobalSection(NestedProjects) = preSolution
		{B9D6FF58-7BA4-4926-85BB-FE38F494186A} = {C2C4BBD3-FD5D-46AA-B825-3D9CF44881F9}
		{E82426B6-AF69-41D3-869A-0F0DFDD02FB7} = {C2C4BBD3-FD5D-46AA-B825-3D9CF44881F9}
		{167171B7-3AA6-4EC9-B045-4317DC1974E9} = {C2C4BBD3-FD5D-46AA-B825-3D9CF44881F9}
	EndGlobalSection
	GlobalSection(ExtensibilityGlobals) = postSolution
		SolutionGuid = {44824324-8680-4E41-B99B-CC0AE59ACED7}
	EndGlobalSection
EndGlobal
